
Microsoft Visual Studio Solution File, Format Version 12.00
# Visual Studio Version 17
VisualStudioVersion = 17.9.34616.47
MinimumVisualStudioVersion = 10.0.40219.1
Project("{F184B08F-C81C-45F6-A57F-5ABD9991F28F}") = "PPS", "PPS\PPS.vbproj", "{D697292C-52D6-48A6-9952-9CB39B5A233A}"
EndProject
Global
	GlobalSection(SolutionConfigurationPlatforms) = preSolution
		Debug|Any CPU = Debug|Any CPU
		Release|Any CPU = Release|Any CPU
	EndGlobalSection
	GlobalSection(ProjectConfigurationPlatforms) = postSolution
		{D697292C-52D6-48A6-9952-9CB39B5A233A}.Debug|Any CPU.ActiveCfg = Debug|Any CPU
		{D697292C-52D6-48A6-9952-9CB39B5A233A}.Debug|Any CPU.Build.0 = Debug|Any CPU
		{D697292C-52D6-48A6-9952-9CB39B5A233A}.Release|Any CPU.ActiveCfg = Release|Any CPU
		{D697292C-52D6-48A6-9952-9CB39B5A233A}.Release|Any CPU.Build.0 = Release|Any CPU
	EndGlobalSection
	GlobalSection(SolutionProperties) = preSolution
		HideSolutionNode = FALSE
	EndGlobalSection
	GlobalSection(ExtensibilityGlobals) = postSolution
		SolutionGuid = {A4E00B2B-CBFC-43EB-896C-68EE958CE315}
	EndGlobalSection
EndGlobal
